
Microsoft Visual Studio Solution File, Format Version 12.00
# Visual Studio Version 17
VisualStudioVersion = 17.3.32825.248
MinimumVisualStudioVersion = 10.0.40219.1
Project("{FAE04EC0-301F-11D3-BF4B-00C04F79EFBC}") = "Ejercicio5", "Ejercicio5\Ejercicio5.csproj", "{7A91A361-DD53-43EF-B3EF-3A448A225CAB}"
EndProject
Global
	GlobalSection(SolutionConfigurationPlatforms) = preSolution
		Debug|Any CPU = Debug|Any CPU
		Release|Any CPU = Release|Any CPU
	EndGlobalSection
	GlobalSection(ProjectConfigurationPlatforms) = postSolution
		{7A91A361-DD53-43EF-B3EF-3A448A225CAB}.Debug|Any CPU.ActiveCfg = Debug|Any CPU
		{7A91A361-DD53-43EF-B3EF-3A448A225CAB}.Debug|Any CPU.Build.0 = Debug|Any CPU
		{7A91A361-DD53-43EF-B3EF-3A448A225CAB}.Release|Any CPU.ActiveCfg = Release|Any CPU
		{7A91A361-DD53-43EF-B3EF-3A448A225CAB}.Release|Any CPU.Build.0 = Release|Any CPU
	EndGlobalSection
	GlobalSection(SolutionProperties) = preSolution
		HideSolutionNode = FALSE
	EndGlobalSection
	GlobalSection(ExtensibilityGlobals) = postSolution
		SolutionGuid = {DCCA258D-86CB-46D3-B6F3-016B6A4320E0}
	EndGlobalSection
EndGlobal
